
Microsoft Visual Studio Solution File, Format Version 12.00
# Visual Studio 15
VisualStudioVersion = 15.0.28307.168
MinimumVisualStudioVersion = 10.0.40219.1
Project("{FAE04EC0-301F-11D3-BF4B-00C04F79EFBC}") = "Tools", "Tools\Tools.csproj", "{2CC14981-2EE5-4A8A-8E36-A3D789DED6BB}"
EndProject
Project("{FAE04EC0-301F-11D3-BF4B-00C04F79EFBC}") = "DataClasses", "DataClasses\DataClasses.csproj", "{76CCE549-B4CB-4349-9ECF-587670CD3380}"
EndProject
Project("{FAE04EC0-301F-11D3-BF4B-00C04F79EFBC}") = "TwitchAuthortization", "TwitchAuthortization\TwitchAuthortization.csproj", "{12756DC0-861E-4BFA-98C0-D4714BDED7EA}"
EndProject
Project("{FAE04EC0-301F-11D3-BF4B-00C04F79EFBC}") = "AssistantConfig", "AssistantConfig\AssistantConfig.csproj", "{D6224718-3AF0-4007-B253-99E6EED3673C}"
EndProject
Project("{2150E333-8FDC-42A3-9474-1A3956D46DE8}") = "IndependentModules", "IndependentModules", "{8B75CC0E-19A8-4BB2-8C46-6EF6B95D06F8}"
EndProject
Project("{FAE04EC0-301F-11D3-BF4B-00C04F79EFBC}") = "YoutubePlayerLib", "YoutubePlayerLib\YoutubePlayerLib.csproj", "{1EB21710-17FB-4FFC-9857-B573A19AD273}"
EndProject
Project("{FAE04EC0-301F-11D3-BF4B-00C04F79EFBC}") = "YoutubePlayerExample", "YoutubePlayerExample\YoutubePlayerExample.csproj", "{CB23A146-3631-4D87-B79E-8FEE5DDC3D8B}"
EndProject
Project("{2150E333-8FDC-42A3-9474-1A3956D46DE8}") = "YouTubePlayerProject", "YouTubePlayerProject", "{8A1E44D8-5A5C-41DF-8DF4-8D6F2D189FE4}"
EndProject
Project("{FAE04EC0-301F-11D3-BF4B-00C04F79EFBC}") = "TwitchAssistant", "TwitchAssistant\TwitchAssistant.csproj", "{5A594659-5B67-4BB7-8E98-90ECC8889E54}"
EndProject
Project("{FAE04EC0-301F-11D3-BF4B-00C04F79EFBC}") = "CustomWindowTemplate", "CustomWindowTemplate\CustomWindowTemplate.csproj", "{C9B441D7-0837-45DE-B2A8-FC9FF2383777}"
EndProject
Project("{FAE04EC0-301F-11D3-BF4B-00C04F79EFBC}") = "DataBaseController", "DateBaseController\DataBaseController.csproj", "{85B8DFC9-DB83-4B08-A71A-DFD7D2822F63}"
EndProject
Project("{FAE04EC0-301F-11D3-BF4B-00C04F79EFBC}") = "AssitantPlayer", "AssitantPlayer\AssitantPlayer.csproj", "{0898255E-2A96-41E1-BA79-8D0ECC31DDBA}"
EndProject
Project("{FAE04EC0-301F-11D3-BF4B-00C04F79EFBC}") = "TwitchBot", "TwitchBot\TwitchBot.csproj", "{CC0A745D-A667-428F-8D32-E9A30C8CAB0C}"
EndProject
Project("{FAE04EC0-301F-11D3-BF4B-00C04F79EFBC}") = "TwitchMiniChat", "TwitchMiniChat\TwitchMiniChat.csproj", "{0D57A706-6837-49A0-9175-BFDF7711FD3D}"
EndProject
Global
	GlobalSection(SolutionConfigurationPlatforms) = preSolution
		Debug|Any CPU = Debug|Any CPU
		Debug|x64 = Debug|x64
		Debug|x86 = Debug|x86
		Release|Any CPU = Release|Any CPU
		Release|x64 = Release|x64
		Release|x86 = Release|x86
	EndGlobalSection
	GlobalSection(ProjectConfigurationPlatforms) = postSolution
		{2CC14981-2EE5-4A8A-8E36-A3D789DED6BB}.Debug|Any CPU.ActiveCfg = Debug|Any CPU
		{2CC14981-2EE5-4A8A-8E36-A3D789DED6BB}.Debug|Any CPU.Build.0 = Debug|Any CPU
		{2CC14981-2EE5-4A8A-8E36-A3D789DED6BB}.Debug|x64.ActiveCfg = Debug|x64
		{2CC14981-2EE5-4A8A-8E36-A3D789DED6BB}.Debug|x64.Build.0 = Debug|x64
		{2CC14981-2EE5-4A8A-8E36-A3D789DED6BB}.Debug|x86.ActiveCfg = Debug|x86
		{2CC14981-2EE5-4A8A-8E36-A3D789DED6BB}.Debug|x86.Build.0 = Debug|x86
		{2CC14981-2EE5-4A8A-8E36-A3D789DED6BB}.Release|Any CPU.ActiveCfg = Release|Any CPU
		{2CC14981-2EE5-4A8A-8E36-A3D789DED6BB}.Release|Any CPU.Build.0 = Release|Any CPU
		{2CC14981-2EE5-4A8A-8E36-A3D789DED6BB}.Release|x64.ActiveCfg = Release|x64
		{2CC14981-2EE5-4A8A-8E36-A3D789DED6BB}.Release|x64.Build.0 = Release|x64
		{2CC14981-2EE5-4A8A-8E36-A3D789DED6BB}.Release|x86.ActiveCfg = Release|x86
		{2CC14981-2EE5-4A8A-8E36-A3D789DED6BB}.Release|x86.Build.0 = Release|x86
		{76CCE549-B4CB-4349-9ECF-587670CD3380}.Debug|Any CPU.ActiveCfg = Debug|Any CPU
		{76CCE549-B4CB-4349-9ECF-587670CD3380}.Debug|Any CPU.Build.0 = Debug|Any CPU
		{76CCE549-B4CB-4349-9ECF-587670CD3380}.Debug|x64.ActiveCfg = Debug|x64
		{76CCE549-B4CB-4349-9ECF-587670CD3380}.Debug|x64.Build.0 = Debug|x64
		{76CCE549-B4CB-4349-9ECF-587670CD3380}.Debug|x86.ActiveCfg = Debug|x86
		{76CCE549-B4CB-4349-9ECF-587670CD3380}.Debug|x86.Build.0 = Debug|x86
		{76CCE549-B4CB-4349-9ECF-587670CD3380}.Release|Any CPU.ActiveCfg = Release|Any CPU
		{76CCE549-B4CB-4349-9ECF-587670CD3380}.Release|Any CPU.Build.0 = Release|Any CPU
		{76CCE549-B4CB-4349-9ECF-587670CD3380}.Release|x64.ActiveCfg = Release|x64
		{76CCE549-B4CB-4349-9ECF-587670CD3380}.Release|x64.Build.0 = Release|x64
		{76CCE549-B4CB-4349-9ECF-587670CD3380}.Release|x86.ActiveCfg = Release|x86
		{76CCE549-B4CB-4349-9ECF-587670CD3380}.Release|x86.Build.0 = Release|x86
		{12756DC0-861E-4BFA-98C0-D4714BDED7EA}.Debug|Any CPU.ActiveCfg = Debug|Any CPU
		{12756DC0-861E-4BFA-98C0-D4714BDED7EA}.Debug|Any CPU.Build.0 = Debug|Any CPU
		{12756DC0-861E-4BFA-98C0-D4714BDED7EA}.Debug|x64.ActiveCfg = Debug|x64
		{12756DC0-861E-4BFA-98C0-D4714BDED7EA}.Debug|x64.Build.0 = Debug|x64
		{12756DC0-861E-4BFA-98C0-D4714BDED7EA}.Debug|x86.ActiveCfg = Debug|x86
		{12756DC0-861E-4BFA-98C0-D4714BDED7EA}.Debug|x86.Build.0 = Debug|x86
		{12756DC0-861E-4BFA-98C0-D4714BDED7EA}.Release|Any CPU.ActiveCfg = Release|Any CPU
		{12756DC0-861E-4BFA-98C0-D4714BDED7EA}.Release|Any CPU.Build.0 = Release|Any CPU
		{12756DC0-861E-4BFA-98C0-D4714BDED7EA}.Release|x64.ActiveCfg = Release|x64
		{12756DC0-861E-4BFA-98C0-D4714BDED7EA}.Release|x64.Build.0 = Release|x64
		{12756DC0-861E-4BFA-98C0-D4714BDED7EA}.Release|x86.ActiveCfg = Release|x86
		{12756DC0-861E-4BFA-98C0-D4714BDED7EA}.Release|x86.Build.0 = Release|x86
		{D6224718-3AF0-4007-B253-99E6EED3673C}.Debug|Any CPU.ActiveCfg = Debug|Any CPU
		{D6224718-3AF0-4007-B253-99E6EED3673C}.Debug|Any CPU.Build.0 = Debug|Any CPU
		{D6224718-3AF0-4007-B253-99E6EED3673C}.Debug|x64.ActiveCfg = Debug|x64
		{D6224718-3AF0-4007-B253-99E6EED3673C}.Debug|x64.Build.0 = Debug|x64
		{D6224718-3AF0-4007-B253-99E6EED3673C}.Debug|x86.ActiveCfg = Debug|x86
		{D6224718-3AF0-4007-B253-99E6EED3673C}.Debug|x86.Build.0 = Debug|x86
		{D6224718-3AF0-4007-B253-99E6EED3673C}.Release|Any CPU.ActiveCfg = Release|Any CPU
		{D6224718-3AF0-4007-B253-99E6EED3673C}.Release|Any CPU.Build.0 = Release|Any CPU
		{D6224718-3AF0-4007-B253-99E6EED3673C}.Release|x64.ActiveCfg = Release|x64
		{D6224718-3AF0-4007-B253-99E6EED3673C}.Release|x64.Build.0 = Release|x64
		{D6224718-3AF0-4007-B253-99E6EED3673C}.Release|x86.ActiveCfg = Release|x86
		{D6224718-3AF0-4007-B253-99E6EED3673C}.Release|x86.Build.0 = Release|x86
		{1EB21710-17FB-4FFC-9857-B573A19AD273}.Debug|Any CPU.ActiveCfg = Debug|Any CPU
		{1EB21710-17FB-4FFC-9857-B573A19AD273}.Debug|Any CPU.Build.0 = Debug|Any CPU
		{1EB21710-17FB-4FFC-9857-B573A19AD273}.Debug|x64.ActiveCfg = Debug|x64
		{1EB21710-17FB-4FFC-9857-B573A19AD273}.Debug|x64.Build.0 = Debug|x64
		{1EB21710-17FB-4FFC-9857-B573A19AD273}.Debug|x86.ActiveCfg = Debug|x86
		{1EB21710-17FB-4FFC-9857-B573A19AD273}.Debug|x86.Build.0 = Debug|x86
		{1EB21710-17FB-4FFC-9857-B573A19AD273}.Release|Any CPU.ActiveCfg = Release|Any CPU
		{1EB21710-17FB-4FFC-9857-B573A19AD273}.Release|Any CPU.Build.0 = Release|Any CPU
		{1EB21710-17FB-4FFC-9857-B573A19AD273}.Release|x64.ActiveCfg = Release|x64
		{1EB21710-17FB-4FFC-9857-B573A19AD273}.Release|x64.Build.0 = Release|x64
		{1EB21710-17FB-4FFC-9857-B573A19AD273}.Release|x86.ActiveCfg = Release|x86
		{1EB21710-17FB-4FFC-9857-B573A19AD273}.Release|x86.Build.0 = Release|x86
		{CB23A146-3631-4D87-B79E-8FEE5DDC3D8B}.Debug|Any CPU.ActiveCfg = Debug|Any CPU
		{CB23A146-3631-4D87-B79E-8FEE5DDC3D8B}.Debug|Any CPU.Build.0 = Debug|Any CPU
		{CB23A146-3631-4D87-B79E-8FEE5DDC3D8B}.Debug|x64.ActiveCfg = Debug|x64
		{CB23A146-3631-4D87-B79E-8FEE5DDC3D8B}.Debug|x64.Build.0 = Debug|x64
		{CB23A146-3631-4D87-B79E-8FEE5DDC3D8B}.Debug|x86.ActiveCfg = Debug|x86
		{CB23A146-3631-4D87-B79E-8FEE5DDC3D8B}.Debug|x86.Build.0 = Debug|x86
		{CB23A146-3631-4D87-B79E-8FEE5DDC3D8B}.Release|Any CPU.ActiveCfg = Release|Any CPU
		{CB23A146-3631-4D87-B79E-8FEE5DDC3D8B}.Release|Any CPU.Build.0 = Release|Any CPU
		{CB23A146-3631-4D87-B79E-8FEE5DDC3D8B}.Release|x64.ActiveCfg = Release|x64
		{CB23A146-3631-4D87-B79E-8FEE5DDC3D8B}.Release|x64.Build.0 = Release|x64
		{CB23A146-3631-4D87-B79E-8FEE5DDC3D8B}.Release|x86.ActiveCfg = Release|x86
		{CB23A146-3631-4D87-B79E-8FEE5DDC3D8B}.Release|x86.Build.0 = Release|x86
		{5A594659-5B67-4BB7-8E98-90ECC8889E54}.Debug|Any CPU.ActiveCfg = Debug|Any CPU
		{5A594659-5B67-4BB7-8E98-90ECC8889E54}.Debug|Any CPU.Build.0 = Debug|Any CPU
		{5A594659-5B67-4BB7-8E98-90ECC8889E54}.Debug|x64.ActiveCfg = Debug|x64
		{5A594659-5B67-4BB7-8E98-90ECC8889E54}.Debug|x64.Build.0 = Debug|x64
		{5A594659-5B67-4BB7-8E98-90ECC8889E54}.Debug|x86.ActiveCfg = Debug|x86
		{5A594659-5B67-4BB7-8E98-90ECC8889E54}.Debug|x86.Build.0 = Debug|x86
		{5A594659-5B67-4BB7-8E98-90ECC8889E54}.Release|Any CPU.ActiveCfg = Release|Any CPU
		{5A594659-5B67-4BB7-8E98-90ECC8889E54}.Release|Any CPU.Build.0 = Release|Any CPU
		{5A594659-5B67-4BB7-8E98-90ECC8889E54}.Release|x64.ActiveCfg = Release|x64
		{5A594659-5B67-4BB7-8E98-90ECC8889E54}.Release|x64.Build.0 = Release|x64
		{5A594659-5B67-4BB7-8E98-90ECC8889E54}.Release|x86.ActiveCfg = Release|x86
		{5A594659-5B67-4BB7-8E98-90ECC8889E54}.Release|x86.Build.0 = Release|x86
		{C9B441D7-0837-45DE-B2A8-FC9FF2383777}.Debug|Any CPU.ActiveCfg = Debug|Any CPU
		{C9B441D7-0837-45DE-B2A8-FC9FF2383777}.Debug|Any CPU.Build.0 = Debug|Any CPU
		{C9B441D7-0837-45DE-B2A8-FC9FF2383777}.Debug|x64.ActiveCfg = Debug|Any CPU
		{C9B441D7-0837-45DE-B2A8-FC9FF2383777}.Debug|x64.Build.0 = Debug|Any CPU
		{C9B441D7-0837-45DE-B2A8-FC9FF2383777}.Debug|x86.ActiveCfg = Debug|Any CPU
		{C9B441D7-0837-45DE-B2A8-FC9FF2383777}.Debug|x86.Build.0 = Debug|Any CPU
		{C9B441D7-0837-45DE-B2A8-FC9FF2383777}.Release|Any CPU.ActiveCfg = Release|Any CPU
		{C9B441D7-0837-45DE-B2A8-FC9FF2383777}.Release|Any CPU.Build.0 = Release|Any CPU
		{C9B441D7-0837-45DE-B2A8-FC9FF2383777}.Release|x64.ActiveCfg = Release|Any CPU
		{C9B441D7-0837-45DE-B2A8-FC9FF2383777}.Release|x64.Build.0 = Release|Any CPU
		{C9B441D7-0837-45DE-B2A8-FC9FF2383777}.Release|x86.ActiveCfg = Release|Any CPU
		{C9B441D7-0837-45DE-B2A8-FC9FF2383777}.Release|x86.Build.0 = Release|Any CPU
		{85B8DFC9-DB83-4B08-A71A-DFD7D2822F63}.Debug|Any CPU.ActiveCfg = Debug|Any CPU
		{85B8DFC9-DB83-4B08-A71A-DFD7D2822F63}.Debug|Any CPU.Build.0 = Debug|Any CPU
		{85B8DFC9-DB83-4B08-A71A-DFD7D2822F63}.Debug|x64.ActiveCfg = Debug|x64
		{85B8DFC9-DB83-4B08-A71A-DFD7D2822F63}.Debug|x64.Build.0 = Debug|x64
		{85B8DFC9-DB83-4B08-A71A-DFD7D2822F63}.Debug|x86.ActiveCfg = Debug|x86
		{85B8DFC9-DB83-4B08-A71A-DFD7D2822F63}.Debug|x86.Build.0 = Debug|x86
		{85B8DFC9-DB83-4B08-A71A-DFD7D2822F63}.Release|Any CPU.ActiveCfg = Release|Any CPU
		{85B8DFC9-DB83-4B08-A71A-DFD7D2822F63}.Release|Any CPU.Build.0 = Release|Any CPU
		{85B8DFC9-DB83-4B08-A71A-DFD7D2822F63}.Release|x64.ActiveCfg = Release|x64
		{85B8DFC9-DB83-4B08-A71A-DFD7D2822F63}.Release|x64.Build.0 = Release|x64
		{85B8DFC9-DB83-4B08-A71A-DFD7D2822F63}.Release|x86.ActiveCfg = Release|x86
		{85B8DFC9-DB83-4B08-A71A-DFD7D2822F63}.Release|x86.Build.0 = Release|x86
		{0898255E-2A96-41E1-BA79-8D0ECC31DDBA}.Debug|Any CPU.ActiveCfg = Debug|Any CPU
		{0898255E-2A96-41E1-BA79-8D0ECC31DDBA}.Debug|Any CPU.Build.0 = Debug|Any CPU
		{0898255E-2A96-41E1-BA79-8D0ECC31DDBA}.Debug|x64.ActiveCfg = Debug|x64
		{0898255E-2A96-41E1-BA79-8D0ECC31DDBA}.Debug|x64.Build.0 = Debug|x64
		{0898255E-2A96-41E1-BA79-8D0ECC31DDBA}.Debug|x86.ActiveCfg = Debug|x86
		{0898255E-2A96-41E1-BA79-8D0ECC31DDBA}.Debug|x86.Build.0 = Debug|x86
		{0898255E-2A96-41E1-BA79-8D0ECC31DDBA}.Release|Any CPU.ActiveCfg = Release|Any CPU
		{0898255E-2A96-41E1-BA79-8D0ECC31DDBA}.Release|Any CPU.Build.0 = Release|Any CPU
		{0898255E-2A96-41E1-BA79-8D0ECC31DDBA}.Release|x64.ActiveCfg = Release|x64
		{0898255E-2A96-41E1-BA79-8D0ECC31DDBA}.Release|x64.Build.0 = Release|x64
		{0898255E-2A96-41E1-BA79-8D0ECC31DDBA}.Release|x86.ActiveCfg = Release|x86
		{0898255E-2A96-41E1-BA79-8D0ECC31DDBA}.Release|x86.Build.0 = Release|x86
		{CC0A745D-A667-428F-8D32-E9A30C8CAB0C}.Debug|Any CPU.ActiveCfg = Debug|Any CPU
		{CC0A745D-A667-428F-8D32-E9A30C8CAB0C}.Debug|Any CPU.Build.0 = Debug|Any CPU
		{CC0A745D-A667-428F-8D32-E9A30C8CAB0C}.Debug|x64.ActiveCfg = Debug|x64
		{CC0A745D-A667-428F-8D32-E9A30C8CAB0C}.Debug|x64.Build.0 = Debug|x64
		{CC0A745D-A667-428F-8D32-E9A30C8CAB0C}.Debug|x86.ActiveCfg = Debug|x86
		{CC0A745D-A667-428F-8D32-E9A30C8CAB0C}.Debug|x86.Build.0 = Debug|x86
		{CC0A745D-A667-428F-8D32-E9A30C8CAB0C}.Release|Any CPU.ActiveCfg = Release|Any CPU
		{CC0A745D-A667-428F-8D32-E9A30C8CAB0C}.Release|Any CPU.Build.0 = Release|Any CPU
		{CC0A745D-A667-428F-8D32-E9A30C8CAB0C}.Release|x64.ActiveCfg = Release|x64
		{CC0A745D-A667-428F-8D32-E9A30C8CAB0C}.Release|x64.Build.0 = Release|x64
		{CC0A745D-A667-428F-8D32-E9A30C8CAB0C}.Release|x86.ActiveCfg = Release|x86
		{CC0A745D-A667-428F-8D32-E9A30C8CAB0C}.Release|x86.Build.0 = Release|x86
		{0D57A706-6837-49A0-9175-BFDF7711FD3D}.Debug|Any CPU.ActiveCfg = Debug|Any CPU
		{0D57A706-6837-49A0-9175-BFDF7711FD3D}.Debug|Any CPU.Build.0 = Debug|Any CPU
		{0D57A706-6837-49A0-9175-BFDF7711FD3D}.Debug|x64.ActiveCfg = Debug|x64
		{0D57A706-6837-49A0-9175-BFDF7711FD3D}.Debug|x64.Build.0 = Debug|x64
		{0D57A706-6837-49A0-9175-BFDF7711FD3D}.Debug|x86.ActiveCfg = Debug|x86
		{0D57A706-6837-49A0-9175-BFDF7711FD3D}.Debug|x86.Build.0 = Debug|x86
		{0D57A706-6837-49A0-9175-BFDF7711FD3D}.Release|Any CPU.ActiveCfg = Release|Any CPU
		{0D57A706-6837-49A0-9175-BFDF7711FD3D}.Release|Any CPU.Build.0 = Release|Any CPU
		{0D57A706-6837-49A0-9175-BFDF7711FD3D}.Release|x64.ActiveCfg = Release|Any CPU
		{0D57A706-6837-49A0-9175-BFDF7711FD3D}.Release|x64.Build.0 = Release|Any CPU
		{0D57A706-6837-49A0-9175-BFDF7711FD3D}.Release|x86.ActiveCfg = Release|Any CPU
		{0D57A706-6837-49A0-9175-BFDF7711FD3D}.Release|x86.Build.0 = Release|Any CPU
	EndGlobalSection
	GlobalSection(SolutionProperties) = preSolution
		HideSolutionNode = FALSE
	EndGlobalSection
	GlobalSection(NestedProjects) = preSolution
		{2CC14981-2EE5-4A8A-8E36-A3D789DED6BB} = {8B75CC0E-19A8-4BB2-8C46-6EF6B95D06F8}
		{12756DC0-861E-4BFA-98C0-D4714BDED7EA} = {8B75CC0E-19A8-4BB2-8C46-6EF6B95D06F8}
		{1EB21710-17FB-4FFC-9857-B573A19AD273} = {8A1E44D8-5A5C-41DF-8DF4-8D6F2D189FE4}
		{CB23A146-3631-4D87-B79E-8FEE5DDC3D8B} = {8A1E44D8-5A5C-41DF-8DF4-8D6F2D189FE4}
		{C9B441D7-0837-45DE-B2A8-FC9FF2383777} = {8B75CC0E-19A8-4BB2-8C46-6EF6B95D06F8}
	EndGlobalSection
	GlobalSection(ExtensibilityGlobals) = postSolution
		SolutionGuid = {CE90DFEC-B5CE-46D7-AD84-F1C7D7B95846}
	EndGlobalSection
EndGlobal
